
Microsoft Visual Studio Solution File, Format Version 12.00
# Visual Studio Version 17
VisualStudioVersion = 17.6.33829.357
MinimumVisualStudioVersion = 10.0.40219.1
Project("{9A19103F-16F7-4668-BE54-9A1E7A4F7556}") = "TresEnRaya", "TresEnRaya\TresEnRaya.csproj", "{7BF59442-612B-4BAE-9115-7A95E999F49E}"
EndProject
Project("{54435603-DBB4-11D2-8724-00A0C9A8B90C}") = "TresEnRayaSetup", "TresEnRayaSetup\TresEnRayaSetup.vdproj", "{6BE733DF-A64E-4144-8079-CEF8430E19C8}"
EndProject
Global
	GlobalSection(SolutionConfigurationPlatforms) = preSolution
		Debug|Any CPU = Debug|Any CPU
		Release|Any CPU = Release|Any CPU
	EndGlobalSection
	GlobalSection(ProjectConfigurationPlatforms) = postSolution
		{7BF59442-612B-4BAE-9115-7A95E999F49E}.Debug|Any CPU.ActiveCfg = Debug|Any CPU
		{7BF59442-612B-4BAE-9115-7A95E999F49E}.Debug|Any CPU.Build.0 = Debug|Any CPU
		{7BF59442-612B-4BAE-9115-7A95E999F49E}.Release|Any CPU.ActiveCfg = Release|Any CPU
		{7BF59442-612B-4BAE-9115-7A95E999F49E}.Release|Any CPU.Build.0 = Release|Any CPU
		{6BE733DF-A64E-4144-8079-CEF8430E19C8}.Debug|Any CPU.ActiveCfg = Debug
		{6BE733DF-A64E-4144-8079-CEF8430E19C8}.Release|Any CPU.ActiveCfg = Release
	EndGlobalSection
	GlobalSection(SolutionProperties) = preSolution
		HideSolutionNode = FALSE
	EndGlobalSection
	GlobalSection(ExtensibilityGlobals) = postSolution
		SolutionGuid = {F4D1F2F3-869B-4D14-8892-3168187DB2A3}
	EndGlobalSection
EndGlobal
